<?xml version="1.0" encoding="utf-8"?>
<Project ToolsVersion="4.0" xmlns="http://schemas.microsoft.com/developer/msbuild/2003">
  <ItemGroup>
    <Filter Include="Source Files">
      <UniqueIdentifier>{6446d812-d586-4c01-b6f8-90816be47c33}</UniqueIdentifier>
      <Extensions>cpp;c;cxx;rc;def;r;odl;idl;hpj;bat</Extensions>
    </Filter>
    <Filter Include="Source Files\typeHandlerImplementations">
      <UniqueIdentifier>{8210a605-edee-44c2-b036-a600a7d31e09}</UniqueIdentifier>
    </Filter>
    <Filter Include="Header Files">
      <UniqueIdentifier>{8a16189a-d918-471b-b8b7-f8362a6c141b}</UniqueIdentifier>
      <Extensions>h;hpp;hxx;hm;inl</Extensions>
    </Filter>
    <Filter Include="Header Files\typeHandlerImplementations">
      <UniqueIdentifier>{05afe7bd-3f21-42f7-ad4e-045f451a67d2}</UniqueIdentifier>
    </Filter>
    <Filter Include="Header Files\structures">
      <UniqueIdentifier>{de4f7a9e-8769-43a1-830e-3d83159bc3cf}</UniqueIdentifier>
    </Filter>
    <Filter Include="Header Files\structuresDump">
      <UniqueIdentifier>{ff6e6a52-4060-4e52-8af8-8ab011ed7e53}</UniqueIdentifier>
    </Filter>
    <Filter Include="Module SDK">
      <UniqueIdentifier>{d6a09943-66e2-4758-ad69-86c2ce916da1}</UniqueIdentifier>
    </Filter>
    <Filter Include="Module SDK\SDK Base">
      <UniqueIdentifier>{ff0e634a-3314-4777-bf3f-b2d581fe9560}</UniqueIdentifier>
    </Filter>
    <Filter Include="Jansson">
      <UniqueIdentifier>{4bd3d999-7d1a-481e-a3b5-26aa317e6104}</UniqueIdentifier>
    </Filter>
    <Filter Include="Versionlib">
      <UniqueIdentifier>{7eb88f0c-6d9c-4f66-affd-65e117ff26a1}</UniqueIdentifier>
    </Filter>
  </ItemGroup>
  <ItemGroup>
    <ClCompile Include="..\configManager.cpp">
      <Filter>Source Files</Filter>
    </ClCompile>
    <ClCompile Include="..\filesManager.cpp">
      <Filter>Source Files</Filter>
    </ClCompile>
    <ClCompile Include="..\function.cpp">
      <Filter>Source Files</Filter>
    </ClCompile>
    <ClCompile Include="..\functionManager.cpp">
      <Filter>Source Files</Filter>
    </ClCompile>
    <ClCompile Include="..\functionStructuresManager.cpp">
      <Filter>Source Files</Filter>
    </ClCompile>
    <ClCompile Include="..\functionVirtualManager.cpp">
      <Filter>Source Files</Filter>
    </ClCompile>
    <ClCompile Include="..\global.cpp">
      <Filter>Source Files</Filter>
    </ClCompile>
    <ClCompile Include="..\hooker.cpp">
      <Filter>Source Files</Filter>
    </ClCompile>
    <ClCompile Include="..\librariesManager.cpp">
      <Filter>Source Files</Filter>
    </ClCompile>
    <ClCompile Include="..\memoryStructureManager.cpp">
      <Filter>Source Files</Filter>
    </ClCompile>
    <ClCompile Include="..\orpheu.cpp">
      <Filter>Source Files</Filter>
    </ClCompile>
    <ClCompile Include="..\structHandler.cpp">
      <Filter>Source Files</Filter>
    </ClCompile>
    <ClCompile Include="..\typeHandlerManager.cpp">
      <Filter>Source Files</Filter>
    </ClCompile>
    <ClCompile Include="..\typeHandlerImplementations\boolHandler.cpp">
      <Filter>Source Files\typeHandlerImplementations</Filter>
    </ClCompile>
    <ClCompile Include="..\typeHandlerImplementations\byteHandler.cpp">
      <Filter>Source Files\typeHandlerImplementations</Filter>
    </ClCompile>
    <ClCompile Include="..\typeHandlerImplementations\CBaseEntityHandler.cpp">
      <Filter>Source Files\typeHandlerImplementations</Filter>
    </ClCompile>
    <ClCompile Include="..\typeHandlerImplementations\charArrHandler.cpp">
      <Filter>Source Files\typeHandlerImplementations</Filter>
    </ClCompile>
    <ClCompile Include="..\typeHandlerImplementations\charHandler.cpp">
      <Filter>Source Files\typeHandlerImplementations</Filter>
    </ClCompile>
    <ClCompile Include="..\typeHandlerImplementations\charPtrHandler.cpp">
      <Filter>Source Files\typeHandlerImplementations</Filter>
    </ClCompile>
    <ClCompile Include="..\typeHandlerImplementations\CMBaseMonsterHandler.cpp">
      <Filter>Source Files\typeHandlerImplementations</Filter>
    </ClCompile>
    <ClCompile Include="..\typeHandlerImplementations\edict_sPtrHandler.cpp">
      <Filter>Source Files\typeHandlerImplementations</Filter>
    </ClCompile>
    <ClCompile Include="..\typeHandlerImplementations\entvarHandler.cpp">
      <Filter>Source Files\typeHandlerImplementations</Filter>
    </ClCompile>
    <ClCompile Include="..\typeHandlerImplementations\floatHandler.cpp">
      <Filter>Source Files\typeHandlerImplementations</Filter>
    </ClCompile>
    <ClCompile Include="..\typeHandlerImplementations\longHandler.cpp">
      <Filter>Source Files\typeHandlerImplementations</Filter>
    </ClCompile>
    <ClCompile Include="..\typeHandlerImplementations\short.cpp">
      <Filter>Source Files\typeHandlerImplementations</Filter>
    </ClCompile>
    <ClCompile Include="..\typeHandlerImplementations\VectorHandler.cpp">
      <Filter>Source Files\typeHandlerImplementations</Filter>
    </ClCompile>
    <ClCompile Include="..\typeHandlerImplementations\VectorPointerHandler.cpp">
      <Filter>Source Files\typeHandlerImplementations</Filter>
    </ClCompile>
    <ClCompile Include="..\public\sdk\amxxmodule.cpp">
      <Filter>Module SDK\SDK Base</Filter>
    </ClCompile>
    <ClCompile Include="..\memoryUtil.cpp">
      <Filter>Source Files</Filter>
    </ClCompile>
    <ClCompile Include="..\jansson\dump.c">
      <Filter>Jansson</Filter>
    </ClCompile>
    <ClCompile Include="..\jansson\error.c">
      <Filter>Jansson</Filter>
    </ClCompile>
    <ClCompile Include="..\jansson\hashtable.c">
      <Filter>Jansson</Filter>
    </ClCompile>
    <ClCompile Include="..\jansson\hashtable_seed.c">
      <Filter>Jansson</Filter>
    </ClCompile>
    <ClCompile Include="..\jansson\load.c">
      <Filter>Jansson</Filter>
    </ClCompile>
    <ClCompile Include="..\jansson\memory.c">
      <Filter>Jansson</Filter>
    </ClCompile>
    <ClCompile Include="..\jansson\pack_unpack.c">
      <Filter>Jansson</Filter>
    </ClCompile>
    <ClCompile Include="..\jansson\strbuffer.c">
      <Filter>Jansson</Filter>
    </ClCompile>
    <ClCompile Include="..\jansson\strconv.c">
      <Filter>Jansson</Filter>
    </ClCompile>
    <ClCompile Include="..\jansson\utf.c">
      <Filter>Jansson</Filter>
    </ClCompile>
    <ClCompile Include="..\jansson\value.c">
      <Filter>Jansson</Filter>
    </ClCompile>
    <ClCompile Include="..\support\versionlib\versionlib.cpp">
      <Filter>Versionlib</Filter>
    </ClCompile>
  </ItemGroup>
  <ItemGroup>
    <ClInclude Include="..\includes\configManager.h">
      <Filter>Header Files</Filter>
    </ClInclude>
    <ClInclude Include="..\includes\filesManager.h">
      <Filter>Header Files</Filter>
    </ClInclude>
    <ClInclude Include="..\includes\function.h">
      <Filter>Header Files</Filter>
    </ClInclude>
    <ClInclude Include="..\includes\functionManager.h">
      <Filter>Header Files</Filter>
    </ClInclude>
    <ClInclude Include="..\includes\functionMethodHooks.h">
      <Filter>Header Files</Filter>
    </ClInclude>
    <ClInclude Include="..\includes\functionStructure.h">
      <Filter>Header Files</Filter>
    </ClInclude>
    <ClInclude Include="..\includes\functionStructuresManager.h">
      <Filter>Header Files</Filter>
    </ClInclude>
    <ClInclude Include="..\includes\functionVirtualManager.h">
      <Filter>Header Files</Filter>
    </ClInclude>
    <ClInclude Include="..\includes\global.h">
      <Filter>Header Files</Filter>
    </ClInclude>
    <ClInclude Include="..\includes\hooker.h">
      <Filter>Header Files</Filter>
    </ClInclude>
    <ClInclude Include="..\includes\librariesManager.h">
      <Filter>Header Files</Filter>
    </ClInclude>
    <ClInclude Include="..\includes\memoryStructure.h">
      <Filter>Header Files</Filter>
    </ClInclude>
    <ClInclude Include="..\includes\memoryStructureManager.h">
      <Filter>Header Files</Filter>
    </ClInclude>
    <ClInclude Include="..\includes\orpheu.h">
      <Filter>Header Files</Filter>
    </ClInclude>
    <ClInclude Include="..\includes\signatureEntry.h">
      <Filter>Header Files</Filter>
    </ClInclude>
    <ClInclude Include="..\includes\structData.h">
      <Filter>Header Files</Filter>
    </ClInclude>
    <ClInclude Include="..\includes\structHandler.h">
      <Filter>Header Files</Filter>
    </ClInclude>
    <ClInclude Include="..\includes\structHandlerDirect.h">
      <Filter>Header Files</Filter>
    </ClInclude>
    <ClInclude Include="..\includes\structInfo.h">
      <Filter>Header Files</Filter>
    </ClInclude>
    <ClInclude Include="..\includes\structManager.h">
      <Filter>Header Files</Filter>
    </ClInclude>
    <ClInclude Include="..\includes\typeHandler.h">
      <Filter>Header Files</Filter>
    </ClInclude>
    <ClInclude Include="..\includes\typeHandlerManager.h">
      <Filter>Header Files</Filter>
    </ClInclude>
    <ClInclude Include="..\includes\typeHandlerImplementations\boolHandler.h">
      <Filter>Header Files\typeHandlerImplementations</Filter>
    </ClInclude>
    <ClInclude Include="..\includes\typeHandlerImplementations\byteHandler.h">
      <Filter>Header Files\typeHandlerImplementations</Filter>
    </ClInclude>
    <ClInclude Include="..\includes\typeHandlerImplementations\CBaseEntityHandler.h">
      <Filter>Header Files\typeHandlerImplementations</Filter>
    </ClInclude>
    <ClInclude Include="..\includes\typeHandlerImplementations\CGameRulesHandler.h">
      <Filter>Header Files\typeHandlerImplementations</Filter>
    </ClInclude>
    <ClInclude Include="..\includes\typeHandlerImplementations\charArrHandler.h">
      <Filter>Header Files\typeHandlerImplementations</Filter>
    </ClInclude>
    <ClInclude Include="..\includes\typeHandlerImplementations\charHandler.h">
      <Filter>Header Files\typeHandlerImplementations</Filter>
    </ClInclude>
    <ClInclude Include="..\includes\typeHandlerImplementations\charPtrHandler.h">
      <Filter>Header Files\typeHandlerImplementations</Filter>
    </ClInclude>
    <ClInclude Include="..\includes\typeHandlerImplementations\CMBaseMonsterHandler.h">
      <Filter>Header Files\typeHandlerImplementations</Filter>
    </ClInclude>
    <ClInclude Include="..\includes\typeHandlerImplementations\edict_sPtrHandler.h">
      <Filter>Header Files\typeHandlerImplementations</Filter>
    </ClInclude>
    <ClInclude Include="..\includes\typeHandlerImplementations\entvarsHandler.h">
      <Filter>Header Files\typeHandlerImplementations</Filter>
    </ClInclude>
    <ClInclude Include="..\includes\typeHandlerImplementations\floatHandler.h">
      <Filter>Header Files\typeHandlerImplementations</Filter>
    </ClInclude>
    <ClInclude Include="..\includes\typeHandlerImplementations\longHandler.h">
      <Filter>Header Files\typeHandlerImplementations</Filter>
    </ClInclude>
    <ClInclude Include="..\includes\typeHandlerImplementations\shortHandler.h">
      <Filter>Header Files\typeHandlerImplementations</Filter>
    </ClInclude>
    <ClInclude Include="..\includes\typeHandlerImplementations\VectorHandler.h">
      <Filter>Header Files\typeHandlerImplementations</Filter>
    </ClInclude>
    <ClInclude Include="..\includes\typeHandlerImplementations\VectorPointerByRefHandler.h">
      <Filter>Header Files\typeHandlerImplementations</Filter>
    </ClInclude>
    <ClInclude Include="..\includes\typeHandlerImplementations\VectorPointerHandler.h">
      <Filter>Header Files\typeHandlerImplementations</Filter>
    </ClInclude>
    <ClInclude Include="..\includes\structures\ammoInfo.h">
      <Filter>Header Files\structures</Filter>
    </ClInclude>
    <ClInclude Include="..\includes\structures\cvar.h">
      <Filter>Header Files\structures</Filter>
    </ClInclude>
    <ClInclude Include="..\includes\structures\DLL_FUNCTIONS.h">
      <Filter>Header Files\structures</Filter>
    </ClInclude>
    <ClInclude Include="..\includes\structures\enginefuncs.h">
      <Filter>Header Files\structures</Filter>
    </ClInclude>
    <ClInclude Include="..\includes\structures\itemInfo.h">
      <Filter>Header Files\structures</Filter>
    </ClInclude>
    <ClInclude Include="..\includes\structures\KeyValueData.h">
      <Filter>Header Files\structures</Filter>
    </ClInclude>
    <ClInclude Include="..\includes\structures\MonsterEvent.h">
      <Filter>Header Files\structures</Filter>
    </ClInclude>
    <ClInclude Include="..\includes\structures\movevars.h">
      <Filter>Header Files\structures</Filter>
    </ClInclude>
    <ClInclude Include="..\includes\structures\physent.h">
      <Filter>Header Files\structures</Filter>
    </ClInclude>
    <ClInclude Include="..\includes\structures\playermove.h">
      <Filter>Header Files\structures</Filter>
    </ClInclude>
    <ClInclude Include="..\includes\structures\pmplane.h">
      <Filter>Header Files\structures</Filter>
    </ClInclude>
    <ClInclude Include="..\includes\structures\pmtraceStruct.h">
      <Filter>Header Files\structures</Filter>
    </ClInclude>
    <ClInclude Include="..\includes\structures\schedule.h">
      <Filter>Header Files\structures</Filter>
    </ClInclude>
    <ClInclude Include="..\includes\structures\task.h">
      <Filter>Header Files\structures</Filter>
    </ClInclude>
    <ClInclude Include="..\includes\structures\traceResult.h">
      <Filter>Header Files\structures</Filter>
    </ClInclude>
    <ClInclude Include="..\includes\structures\usercmdStruct.h">
      <Filter>Header Files\structures</Filter>
    </ClInclude>
    <ClInclude Include="..\includes\structures\weapon_data.h">
      <Filter>Header Files\structures</Filter>
    </ClInclude>
    <ClInclude Include="..\includes\structuresDump\monsterevent.h">
      <Filter>Header Files\structuresDump</Filter>
    </ClInclude>
    <ClInclude Include="..\public\sdk\amxxmodule.h">
      <Filter>Module SDK\SDK Base</Filter>
    </ClInclude>
    <ClInclude Include="..\includes\memoryUtil.h">
      <Filter>Header Files</Filter>
    </ClInclude>
    <ClInclude Include="..\jansson\hashtable.h">
      <Filter>Jansson</Filter>
    </ClInclude>
    <ClInclude Include="..\jansson\jansson.h">
      <Filter>Jansson</Filter>
    </ClInclude>
    <ClInclude Include="..\jansson\jansson_config.h">
      <Filter>Jansson</Filter>
    </ClInclude>
    <ClInclude Include="..\jansson\jansson_private.h">
      <Filter>Jansson</Filter>
    </ClInclude>
    <ClInclude Include="..\jansson\lookup3.h">
      <Filter>Jansson</Filter>
    </ClInclude>
    <ClInclude Include="..\jansson\strbuffer.h">
      <Filter>Jansson</Filter>
    </ClInclude>
    <ClInclude Include="..\jansson\utf.h">
      <Filter>Jansson</Filter>
    </ClInclude>
    <ClInclude Include="..\includes\moduleconfig.h">
      <Filter>Module SDK</Filter>
    </ClInclude>
    <ClInclude Include="..\support\versionlib\versionlib.h">
      <Filter>Versionlib</Filter>
    </ClInclude>
  </ItemGroup>
  <ItemGroup>
    <None Include="..\jansson\jansson_config.h.in">
      <Filter>Jansson</Filter>
    </None>
  </ItemGroup>
</Project>